
Microsoft Visual Studio Solution File, Format Version 12.00
# Visual Studio 15
VisualStudioVersion = 15.0.28307.329
MinimumVisualStudioVersion = 10.0.40219.1
Project("{9092AA53-FB77-4645-B42D-1CCCA6BD08BD}") = "Post2Push", "Post2Push\Post2Push.njsproj", "{0269B89E-4A69-46B8-813B-9CE3F5048118}"
EndProject
Global
	GlobalSection(SolutionConfigurationPlatforms) = preSolution
		Debug|Any CPU = Debug|Any CPU
		Release|Any CPU = Release|Any CPU
	EndGlobalSection
	GlobalSection(ProjectConfigurationPlatforms) = postSolution
		{0269B89E-4A69-46B8-813B-9CE3F5048118}.Debug|Any CPU.ActiveCfg = Debug|Any CPU
		{0269B89E-4A69-46B8-813B-9CE3F5048118}.Debug|Any CPU.Build.0 = Debug|Any CPU
		{0269B89E-4A69-46B8-813B-9CE3F5048118}.Release|Any CPU.ActiveCfg = Release|Any CPU
		{0269B89E-4A69-46B8-813B-9CE3F5048118}.Release|Any CPU.Build.0 = Release|Any CPU
	EndGlobalSection
	GlobalSection(SolutionProperties) = preSolution
		HideSolutionNode = FALSE
	EndGlobalSection
	GlobalSection(ExtensibilityGlobals) = postSolution
		SolutionGuid = {23178F93-DD27-4CF7-BA51-F4252BE50D27}
	EndGlobalSection
EndGlobal
